
Microsoft Visual Studio Solution File, Format Version 12.00
# Visual Studio Version 16
VisualStudioVersion = 16.0.30503.244
MinimumVisualStudioVersion = 10.0.40219.1
Project("{9A19103F-16F7-4668-BE54-9A1E7A4F7556}") = "FRF.Web", "FRF.Web\FRF.Web.csproj", "{161035B9-30C8-4BC8-94D4-C9E5755FC27E}"
EndProject
Project("{FAE04EC0-301F-11D3-BF4B-00C04F79EFBC}") = "FRF.Core", "FRF.Core\FRF.Core.csproj", "{381561B7-4A1F-4B2A-AD7E-CF135D63A4A3}"
EndProject
Project("{FAE04EC0-301F-11D3-BF4B-00C04F79EFBC}") = "FRF.DataAccess", "FRF.DataAccess\FRF.DataAccess.csproj", "{669A52DA-8527-4822-B07E-06891F2F0356}"
EndProject
Global
	GlobalSection(SolutionConfigurationPlatforms) = preSolution
		Debug|Any CPU = Debug|Any CPU
		Release|Any CPU = Release|Any CPU
	EndGlobalSection
	GlobalSection(ProjectConfigurationPlatforms) = postSolution
		{161035B9-30C8-4BC8-94D4-C9E5755FC27E}.Debug|Any CPU.ActiveCfg = Debug|Any CPU
		{161035B9-30C8-4BC8-94D4-C9E5755FC27E}.Debug|Any CPU.Build.0 = Debug|Any CPU
		{161035B9-30C8-4BC8-94D4-C9E5755FC27E}.Release|Any CPU.ActiveCfg = Release|Any CPU
		{161035B9-30C8-4BC8-94D4-C9E5755FC27E}.Release|Any CPU.Build.0 = Release|Any CPU
		{381561B7-4A1F-4B2A-AD7E-CF135D63A4A3}.Debug|Any CPU.ActiveCfg = Debug|Any CPU
		{381561B7-4A1F-4B2A-AD7E-CF135D63A4A3}.Debug|Any CPU.Build.0 = Debug|Any CPU
		{381561B7-4A1F-4B2A-AD7E-CF135D63A4A3}.Release|Any CPU.ActiveCfg = Release|Any CPU
		{381561B7-4A1F-4B2A-AD7E-CF135D63A4A3}.Release|Any CPU.Build.0 = Release|Any CPU
		{669A52DA-8527-4822-B07E-06891F2F0356}.Debug|Any CPU.ActiveCfg = Debug|Any CPU
		{669A52DA-8527-4822-B07E-06891F2F0356}.Debug|Any CPU.Build.0 = Debug|Any CPU
		{669A52DA-8527-4822-B07E-06891F2F0356}.Release|Any CPU.ActiveCfg = Release|Any CPU
		{669A52DA-8527-4822-B07E-06891F2F0356}.Release|Any CPU.Build.0 = Release|Any CPU
	EndGlobalSection
	GlobalSection(SolutionProperties) = preSolution
		HideSolutionNode = FALSE
	EndGlobalSection
	GlobalSection(ExtensibilityGlobals) = postSolution
		SolutionGuid = {84C4B927-EEF7-41EC-80CD-A5DD3C2CD2AF}
	EndGlobalSection
EndGlobal
